
Microsoft Visual Studio Solution File, Format Version 12.00
# Visual Studio Version 16
VisualStudioVersion = 16.0.810.2
MinimumVisualStudioVersion = 10.0.40219.1
Project("{FAE04EC0-301F-11D3-BF4B-00C04F79EFBC}") = "senet_pgl2", "senet_pgl2.csproj", "{C79E8CF1-3BF9-484C-B01F-144D7A6A67EB}"
EndProject
Global
	GlobalSection(SolutionConfigurationPlatforms) = preSolution
		Debug|Any CPU = Debug|Any CPU
		Release|Any CPU = Release|Any CPU
	EndGlobalSection
	GlobalSection(ProjectConfigurationPlatforms) = postSolution
		{C79E8CF1-3BF9-484C-B01F-144D7A6A67EB}.Debug|Any CPU.ActiveCfg = Debug|Any CPU
		{C79E8CF1-3BF9-484C-B01F-144D7A6A67EB}.Debug|Any CPU.Build.0 = Debug|Any CPU
		{C79E8CF1-3BF9-484C-B01F-144D7A6A67EB}.Release|Any CPU.ActiveCfg = Release|Any CPU
		{C79E8CF1-3BF9-484C-B01F-144D7A6A67EB}.Release|Any CPU.Build.0 = Release|Any CPU
	EndGlobalSection
	GlobalSection(SolutionProperties) = preSolution
		HideSolutionNode = FALSE
	EndGlobalSection
	GlobalSection(ExtensibilityGlobals) = postSolution
		SolutionGuid = {925F77B0-37D6-4ADB-89D4-BB8ADFB58207}
	EndGlobalSection
EndGlobal
